
Microsoft Visual Studio Solution File, Format Version 12.00
# Visual Studio Version 17
VisualStudioVersion = 17.9.34622.214
MinimumVisualStudioVersion = 10.0.40219.1
Project("{9A19103F-16F7-4668-BE54-9A1E7A4F7556}") = "CandidateInfoAPI", "CandidateInfoAPI\CandidateInfoAPI.csproj", "{BDDE7747-C0C0-4A9F-B699-58C444191507}"
EndProject
Project("{FAE04EC0-301F-11D3-BF4B-00C04F79EFBC}") = "CandidateTest", "CandidateTest\CandidateTest.csproj", "{305DCF67-B4F3-4235-824A-AF780F51228D}"
EndProject
Global
	GlobalSection(SolutionConfigurationPlatforms) = preSolution
		Debug|Any CPU = Debug|Any CPU
		Release|Any CPU = Release|Any CPU
	EndGlobalSection
	GlobalSection(ProjectConfigurationPlatforms) = postSolution
		{BDDE7747-C0C0-4A9F-B699-58C444191507}.Debug|Any CPU.ActiveCfg = Debug|Any CPU
		{BDDE7747-C0C0-4A9F-B699-58C444191507}.Debug|Any CPU.Build.0 = Debug|Any CPU
		{BDDE7747-C0C0-4A9F-B699-58C444191507}.Release|Any CPU.ActiveCfg = Release|Any CPU
		{BDDE7747-C0C0-4A9F-B699-58C444191507}.Release|Any CPU.Build.0 = Release|Any CPU
		{305DCF67-B4F3-4235-824A-AF780F51228D}.Debug|Any CPU.ActiveCfg = Debug|Any CPU
		{305DCF67-B4F3-4235-824A-AF780F51228D}.Debug|Any CPU.Build.0 = Debug|Any CPU
		{305DCF67-B4F3-4235-824A-AF780F51228D}.Release|Any CPU.ActiveCfg = Release|Any CPU
		{305DCF67-B4F3-4235-824A-AF780F51228D}.Release|Any CPU.Build.0 = Release|Any CPU
	EndGlobalSection
	GlobalSection(SolutionProperties) = preSolution
		HideSolutionNode = FALSE
	EndGlobalSection
	GlobalSection(ExtensibilityGlobals) = postSolution
		SolutionGuid = {2ED1F779-F7E9-4C21-9994-35C218C23949}
	EndGlobalSection
EndGlobal
